
Microsoft Visual Studio Solution File, Format Version 12.00
# Visual Studio 15
VisualStudioVersion = 15.0.27130.2027
MinimumVisualStudioVersion = 10.0.40219.1
Project("{F2A71F9B-5D33-465A-A702-920D77279786}") = "task2", "task2\task2.fsproj", "{B8904F1F-04C9-49AD-937F-DF0A46DEB127}"
EndProject
Global
	GlobalSection(SolutionConfigurationPlatforms) = preSolution
		Debug|Any CPU = Debug|Any CPU
		Release|Any CPU = Release|Any CPU
	EndGlobalSection
	GlobalSection(ProjectConfigurationPlatforms) = postSolution
		{B8904F1F-04C9-49AD-937F-DF0A46DEB127}.Debug|Any CPU.ActiveCfg = Debug|Any CPU
		{B8904F1F-04C9-49AD-937F-DF0A46DEB127}.Debug|Any CPU.Build.0 = Debug|Any CPU
		{B8904F1F-04C9-49AD-937F-DF0A46DEB127}.Release|Any CPU.ActiveCfg = Release|Any CPU
		{B8904F1F-04C9-49AD-937F-DF0A46DEB127}.Release|Any CPU.Build.0 = Release|Any CPU
	EndGlobalSection
	GlobalSection(SolutionProperties) = preSolution
		HideSolutionNode = FALSE
	EndGlobalSection
	GlobalSection(ExtensibilityGlobals) = postSolution
		SolutionGuid = {04A4109B-866F-4E89-B8FC-BB7678540D94}
	EndGlobalSection
EndGlobal
