
Microsoft Visual Studio Solution File, Format Version 12.00
# Visual Studio 15
VisualStudioVersion = 15.0.27428.2037
MinimumVisualStudioVersion = 10.0.40219.1
Project("{F2A71F9B-5D33-465A-A702-920D77279786}") = "task1", "task1\task1.fsproj", "{5237D888-D0C0-4231-A122-3C82C7398011}"
EndProject
Project("{F2A71F9B-5D33-465A-A702-920D77279786}") = "task.Tests", "task.Tests\task.Tests.fsproj", "{CD66A3FE-A839-451E-BD3C-04E7E6702293}"
EndProject
Global
	GlobalSection(SolutionConfigurationPlatforms) = preSolution
		Debug|Any CPU = Debug|Any CPU
		Release|Any CPU = Release|Any CPU
	EndGlobalSection
	GlobalSection(ProjectConfigurationPlatforms) = postSolution
		{5237D888-D0C0-4231-A122-3C82C7398011}.Debug|Any CPU.ActiveCfg = Debug|Any CPU
		{5237D888-D0C0-4231-A122-3C82C7398011}.Debug|Any CPU.Build.0 = Debug|Any CPU
		{5237D888-D0C0-4231-A122-3C82C7398011}.Release|Any CPU.ActiveCfg = Release|Any CPU
		{5237D888-D0C0-4231-A122-3C82C7398011}.Release|Any CPU.Build.0 = Release|Any CPU
		{CD66A3FE-A839-451E-BD3C-04E7E6702293}.Debug|Any CPU.ActiveCfg = Debug|Any CPU
		{CD66A3FE-A839-451E-BD3C-04E7E6702293}.Debug|Any CPU.Build.0 = Debug|Any CPU
		{CD66A3FE-A839-451E-BD3C-04E7E6702293}.Release|Any CPU.ActiveCfg = Release|Any CPU
		{CD66A3FE-A839-451E-BD3C-04E7E6702293}.Release|Any CPU.Build.0 = Release|Any CPU
	EndGlobalSection
	GlobalSection(SolutionProperties) = preSolution
		HideSolutionNode = FALSE
	EndGlobalSection
	GlobalSection(ExtensibilityGlobals) = postSolution
		SolutionGuid = {AC655C06-49FD-44AB-92F8-32BF4827F630}
	EndGlobalSection
EndGlobal
