
Microsoft Visual Studio Solution File, Format Version 12.00
# Visual Studio 15
VisualStudioVersion = 15.0.27130.2027
MinimumVisualStudioVersion = 10.0.40219.1
Project("{F2A71F9B-5D33-465A-A702-920D77279786}") = "Task1", "Task1\Task1.fsproj", "{5AFBB5ED-60B3-41D2-B3C3-5B663BBA979A}"
EndProject
Global
	GlobalSection(SolutionConfigurationPlatforms) = preSolution
		Debug|Any CPU = Debug|Any CPU
		Release|Any CPU = Release|Any CPU
	EndGlobalSection
	GlobalSection(ProjectConfigurationPlatforms) = postSolution
		{5AFBB5ED-60B3-41D2-B3C3-5B663BBA979A}.Debug|Any CPU.ActiveCfg = Debug|Any CPU
		{5AFBB5ED-60B3-41D2-B3C3-5B663BBA979A}.Debug|Any CPU.Build.0 = Debug|Any CPU
		{5AFBB5ED-60B3-41D2-B3C3-5B663BBA979A}.Release|Any CPU.ActiveCfg = Release|Any CPU
		{5AFBB5ED-60B3-41D2-B3C3-5B663BBA979A}.Release|Any CPU.Build.0 = Release|Any CPU
	EndGlobalSection
	GlobalSection(SolutionProperties) = preSolution
		HideSolutionNode = FALSE
	EndGlobalSection
	GlobalSection(ExtensibilityGlobals) = postSolution
		SolutionGuid = {21D8435E-55D4-4C58-B1CA-2A43CFB6CA6A}
	EndGlobalSection
EndGlobal
