
Microsoft Visual Studio Solution File, Format Version 12.00
# Visual Studio 15
VisualStudioVersion = 15.0.27130.2027
MinimumVisualStudioVersion = 10.0.40219.1
Project("{F2A71F9B-5D33-465A-A702-920D77279786}") = "task4", "task4\task4.fsproj", "{59414B79-CD36-4C63-9A7B-67D9E4CC4937}"
EndProject
Global
	GlobalSection(SolutionConfigurationPlatforms) = preSolution
		Debug|Any CPU = Debug|Any CPU
		Release|Any CPU = Release|Any CPU
	EndGlobalSection
	GlobalSection(ProjectConfigurationPlatforms) = postSolution
		{59414B79-CD36-4C63-9A7B-67D9E4CC4937}.Debug|Any CPU.ActiveCfg = Debug|Any CPU
		{59414B79-CD36-4C63-9A7B-67D9E4CC4937}.Debug|Any CPU.Build.0 = Debug|Any CPU
		{59414B79-CD36-4C63-9A7B-67D9E4CC4937}.Release|Any CPU.ActiveCfg = Release|Any CPU
		{59414B79-CD36-4C63-9A7B-67D9E4CC4937}.Release|Any CPU.Build.0 = Release|Any CPU
	EndGlobalSection
	GlobalSection(SolutionProperties) = preSolution
		HideSolutionNode = FALSE
	EndGlobalSection
	GlobalSection(ExtensibilityGlobals) = postSolution
		SolutionGuid = {B7C46F03-B1FA-4309-9632-E30275ED9E5D}
	EndGlobalSection
EndGlobal
